
Microsoft Visual Studio Solution File, Format Version 12.00
# Visual Studio Version 16
VisualStudioVersion = 16.0.30804.86
MinimumVisualStudioVersion = 10.0.40219.1
Project("{9A19103F-16F7-4668-BE54-9A1E7A4F7556}") = "WebAx.Server", "WebAx\Server\WebAx.Server.csproj", "{7CAA1E15-44A2-4BBC-BC6D-C0ACC0B1D93C}"
EndProject
Project("{9A19103F-16F7-4668-BE54-9A1E7A4F7556}") = "WebAx.Client", "WebAx\Client\WebAx.Client.csproj", "{7C332641-A335-405A-89AC-634209276373}"
EndProject
Project("{9A19103F-16F7-4668-BE54-9A1E7A4F7556}") = "WebAx.Shared", "WebAx\Shared\WebAx.Shared.csproj", "{90C18723-430D-40D6-B294-B68DAB4D20AB}"
EndProject
Global
	GlobalSection(SolutionConfigurationPlatforms) = preSolution
		Debug|Any CPU = Debug|Any CPU
		Release|Any CPU = Release|Any CPU
	EndGlobalSection
	GlobalSection(ProjectConfigurationPlatforms) = postSolution
		{7CAA1E15-44A2-4BBC-BC6D-C0ACC0B1D93C}.Debug|Any CPU.ActiveCfg = Debug|Any CPU
		{7CAA1E15-44A2-4BBC-BC6D-C0ACC0B1D93C}.Debug|Any CPU.Build.0 = Debug|Any CPU
		{7CAA1E15-44A2-4BBC-BC6D-C0ACC0B1D93C}.Release|Any CPU.ActiveCfg = Release|Any CPU
		{7CAA1E15-44A2-4BBC-BC6D-C0ACC0B1D93C}.Release|Any CPU.Build.0 = Release|Any CPU
		{7C332641-A335-405A-89AC-634209276373}.Debug|Any CPU.ActiveCfg = Debug|Any CPU
		{7C332641-A335-405A-89AC-634209276373}.Debug|Any CPU.Build.0 = Debug|Any CPU
		{7C332641-A335-405A-89AC-634209276373}.Release|Any CPU.ActiveCfg = Release|Any CPU
		{7C332641-A335-405A-89AC-634209276373}.Release|Any CPU.Build.0 = Release|Any CPU
		{90C18723-430D-40D6-B294-B68DAB4D20AB}.Debug|Any CPU.ActiveCfg = Debug|Any CPU
		{90C18723-430D-40D6-B294-B68DAB4D20AB}.Debug|Any CPU.Build.0 = Debug|Any CPU
		{90C18723-430D-40D6-B294-B68DAB4D20AB}.Release|Any CPU.ActiveCfg = Release|Any CPU
		{90C18723-430D-40D6-B294-B68DAB4D20AB}.Release|Any CPU.Build.0 = Release|Any CPU
	EndGlobalSection
	GlobalSection(SolutionProperties) = preSolution
		HideSolutionNode = FALSE
	EndGlobalSection
	GlobalSection(ExtensibilityGlobals) = postSolution
		SolutionGuid = {D37CA3F0-8792-4023-9CC0-32053C4432BC}
	EndGlobalSection
EndGlobal
